// !$*UTF8*$!
{
	archiveVersion = 1;
	classes = {
	};
	objectVersion = 52;
	objects = {

/* Begin PBXBuildFile section */
		7D29B396251BD10C0013D14C /* AppDelegate.swift in Sources */ = {isa = PBXBuildFile; fileRef = 7D29B395251BD10C0013D14C /* AppDelegate.swift */; };
		7D29B398251BD10C0013D14C /* SceneDelegate.swift in Sources */ = {isa = PBXBuildFile; fileRef = 7D29B397251BD10C0013D14C /* SceneDelegate.swift */; };
		7D29B39A251BD10C0013D14C /* HeartRateMonitorViewController.swift in Sources */ = {isa = PBXBuildFile; fileRef = 7D29B399251BD10C0013D14C /* HeartRateMonitorViewController.swift */; };
		7D29B39D251BD10C0013D14C /* Main.storyboard in Resources */ = {isa = PBXBuildFile; fileRef = 7D29B39B251BD10C0013D14C /* Main.storyboard */; };
		7D29B39F251BD10E0013D14C /* Assets.xcassets in Resources */ = {isa = PBXBuildFile; fileRef = 7D29B39E251BD10E0013D14C /* Assets.xcassets */; };
		7D29B3A2251BD10E0013D14C /* LaunchScreen.storyboard in Resources */ = {isa = PBXBuildFile; fileRef = 7D29B3A0251BD10E0013D14C /* LaunchScreen.storyboard */; };
		7D29B3AB251BD1930013D14C /* CoreBluetooth.framework in Frameworks */ = {isa = PBXBuildFile; fileRef = 7D29B3AA251BD1930013D14C /* CoreBluetooth.framework */; };
		7D6492EA251F95AE0011F814 /* HRMReader.swift in Sources */ = {isa = PBXBuildFile; fileRef = 7D6492E9251F95AE0011F814 /* HRMReader.swift */; };
		7D649319252AF8370011F814 /* CoreBluetoothMock in Frameworks */ = {isa = PBXBuildFile; productRef = 7D649318252AF8370011F814 /* CoreBluetoothMock */; };
		7D64931B252AF95D0011F814 /* CoreBluetoothTypeAliases.swift in Sources */ = {isa = PBXBuildFile; fileRef = 7D64931A252AF95D0011F814 /* CoreBluetoothTypeAliases.swift */; };
		7D64931D252CFDC20011F814 /* MockBluetoothHRM.swift in Sources */ = {isa = PBXBuildFile; fileRef = 7D64931C252CFDC20011F814 /* MockBluetoothHRM.swift */; };
		7DBD823E25397BED00248F4D /* SwiftUIHRMView.swift in Sources */ = {isa = PBXBuildFile; fileRef = 7DBD823D25397BED00248F4D /* SwiftUIHRMView.swift */; };
		7DBD828125397DDB00248F4D /* FlipView.swift in Sources */ = {isa = PBXBuildFile; fileRef = 7DBD827F25397DDB00248F4D /* FlipView.swift */; };
		7DBD828225397DDB00248F4D /* SettingsView.swift in Sources */ = {isa = PBXBuildFile; fileRef = 7DBD828025397DDB00248F4D /* SettingsView.swift */; };
		7DBD82FC253B5EBE00248F4D /* HRMReaderReceiver.swift in Sources */ = {isa = PBXBuildFile; fileRef = 7DBD82FB253B5EBE00248F4D /* HRMReaderReceiver.swift */; };
		7DBD82FF253B62FE00248F4D /* RevCounter.swift in Sources */ = {isa = PBXBuildFile; fileRef = 7DBD82FE253B62FE00248F4D /* RevCounter.swift */; };
		7DBD8302253B636900248F4D /* AnimationCompletionObserverModifier.swift in Sources */ = {isa = PBXBuildFile; fileRef = 7DBD8301253B636900248F4D /* AnimationCompletionObserverModifier.swift */; };
/* End PBXBuildFile section */

/* Begin PBXFileReference section */
		7D29B392251BD10C0013D14C /* HeartRevs.app */ = {isa = PBXFileReference; explicitFileType = wrapper.application; includeInIndex = 0; path = HeartRevs.app; sourceTree = BUILT_PRODUCTS_DIR; };
		7D29B395251BD10C0013D14C /* AppDelegate.swift */ = {isa = PBXFileReference; lastKnownFileType = sourcecode.swift; path = AppDelegate.swift; sourceTree = "<group>"; };
		7D29B397251BD10C0013D14C /* SceneDelegate.swift */ = {isa = PBXFileReference; lastKnownFileType = sourcecode.swift; path = SceneDelegate.swift; sourceTree = "<group>"; };
		7D29B399251BD10C0013D14C /* HeartRateMonitorViewController.swift */ = {isa = PBXFileReference; lastKnownFileType = sourcecode.swift; path = HeartRateMonitorViewController.swift; sourceTree = "<group>"; };
		7D29B39C251BD10C0013D14C /* Base */ = {isa = PBXFileReference; lastKnownFileType = file.storyboard; name = Base; path = Base.lproj/Main.storyboard; sourceTree = "<group>"; };
		7D29B39E251BD10E0013D14C /* Assets.xcassets */ = {isa = PBXFileReference; lastKnownFileType = folder.assetcatalog; path = Assets.xcassets; sourceTree = "<group>"; };
		7D29B3A1251BD10E0013D14C /* Base */ = {isa = PBXFileReference; lastKnownFileType = file.storyboard; name = Base; path = Base.lproj/LaunchScreen.storyboard; sourceTree = "<group>"; };
		7D29B3A3251BD10E0013D14C /* Info.plist */ = {isa = PBXFileReference; lastKnownFileType = text.plist.xml; path = Info.plist; sourceTree = "<group>"; };
		7D29B3AA251BD1930013D14C /* CoreBluetooth.framework */ = {isa = PBXFileReference; lastKnownFileType = wrapper.framework; name = CoreBluetooth.framework; path = System/Library/Frameworks/CoreBluetooth.framework; sourceTree = SDKROOT; };
		7D6492E8251F7B380011F814 /* README.md */ = {isa = PBXFileReference; lastKnownFileType = net.daringfireball.markdown; path = README.md; sourceTree = "<group>"; };
		7D6492E9251F95AE0011F814 /* HRMReader.swift */ = {isa = PBXFileReference; lastKnownFileType = sourcecode.swift; path = HRMReader.swift; sourceTree = "<group>"; };
		7D64931A252AF95D0011F814 /* CoreBluetoothTypeAliases.swift */ = {isa = PBXFileReference; lastKnownFileType = sourcecode.swift; path = CoreBluetoothTypeAliases.swift; sourceTree = "<group>"; };
		7D64931C252CFDC20011F814 /* MockBluetoothHRM.swift */ = {isa = PBXFileReference; lastKnownFileType = sourcecode.swift; path = MockBluetoothHRM.swift; sourceTree = "<group>"; };
		7DBD823D25397BED00248F4D /* SwiftUIHRMView.swift */ = {isa = PBXFileReference; lastKnownFileType = sourcecode.swift; path = SwiftUIHRMView.swift; sourceTree = "<group>"; };
		7DBD827F25397DDB00248F4D /* FlipView.swift */ = {isa = PBXFileReference; fileEncoding = 4; lastKnownFileType = sourcecode.swift; path = FlipView.swift; sourceTree = "<group>"; };
		7DBD828025397DDB00248F4D /* SettingsView.swift */ = {isa = PBXFileReference; fileEncoding = 4; lastKnownFileType = sourcecode.swift; path = SettingsView.swift; sourceTree = "<group>"; };
		7DBD82FB253B5EBE00248F4D /* HRMReaderReceiver.swift */ = {isa = PBXFileReference; lastKnownFileType = sourcecode.swift; path = HRMReaderReceiver.swift; sourceTree = "<group>"; };
		7DBD82FE253B62FE00248F4D /* RevCounter.swift */ = {isa = PBXFileReference; lastKnownFileType = sourcecode.swift; path = RevCounter.swift; sourceTree = "<group>"; };
		7DBD8301253B636900248F4D /* AnimationCompletionObserverModifier.swift */ = {isa = PBXFileReference; lastKnownFileType = sourcecode.swift; path = AnimationCompletionObserverModifier.swift; sourceTree = "<group>"; };
/* End PBXFileReference section */

/* Begin PBXFrameworksBuildPhase section */
		7D29B38F251BD10C0013D14C /* Frameworks */ = {
			isa = PBXFrameworksBuildPhase;
			buildActionMask = 2147483647;
			files = (
				7D649319252AF8370011F814 /* CoreBluetoothMock in Frameworks */,
				7D29B3AB251BD1930013D14C /* CoreBluetooth.framework in Frameworks */,
			);
			runOnlyForDeploymentPostprocessing = 0;
		};
/* End PBXFrameworksBuildPhase section */

/* Begin PBXGroup section */
		7D29B389251BD10B0013D14C = {
			isa = PBXGroup;
			children = (
				7D6492E8251F7B380011F814 /* README.md */,
				7D29B394251BD10C0013D14C /* HeartRevs */,
				7D29B393251BD10C0013D14C /* Products */,
				7D29B3A9251BD1930013D14C /* Frameworks */,
			);
			sourceTree = "<group>";
		};
		7D29B393251BD10C0013D14C /* Products */ = {
			isa = PBXGroup;
			children = (
				7D29B392251BD10C0013D14C /* HeartRevs.app */,
			);
			name = Products;
			sourceTree = "<group>";
		};
		7D29B394251BD10C0013D14C /* HeartRevs */ = {
			isa = PBXGroup;
			children = (
				7D29B395251BD10C0013D14C /* AppDelegate.swift */,
				7D29B397251BD10C0013D14C /* SceneDelegate.swift */,
				7D29B399251BD10C0013D14C /* HeartRateMonitorViewController.swift */,
				7D6492E9251F95AE0011F814 /* HRMReader.swift */,
				7D29B39B251BD10C0013D14C /* Main.storyboard */,
				7D29B39E251BD10E0013D14C /* Assets.xcassets */,
				7D29B3A0251BD10E0013D14C /* LaunchScreen.storyboard */,
				7D29B3A3251BD10E0013D14C /* Info.plist */,
				7D64931A252AF95D0011F814 /* CoreBluetoothTypeAliases.swift */,
				7D64931C252CFDC20011F814 /* MockBluetoothHRM.swift */,
				7DBD823D25397BED00248F4D /* SwiftUIHRMView.swift */,
				7DBD827F25397DDB00248F4D /* FlipView.swift */,
				7DBD828025397DDB00248F4D /* SettingsView.swift */,
				7DBD82FB253B5EBE00248F4D /* HRMReaderReceiver.swift */,
				7DBD82FE253B62FE00248F4D /* RevCounter.swift */,
				7DBD8301253B636900248F4D /* AnimationCompletionObserverModifier.swift */,
			);
			path = HeartRevs;
			sourceTree = "<group>";
		};
		7D29B3A9251BD1930013D14C /* Frameworks */ = {
			isa = PBXGroup;
			children = (
				7D29B3AA251BD1930013D14C /* CoreBluetooth.framework */,
			);
			name = Frameworks;
			sourceTree = "<group>";
		};
/* End PBXGroup section */

/* Begin PBXNativeTarget section */
		7D29B391251BD10C0013D14C /* HeartRevs */ = {
			isa = PBXNativeTarget;
			buildConfigurationList = 7D29B3A6251BD10E0013D14C /* Build configuration list for PBXNativeTarget "HeartRevs" */;
			buildPhases = (
				7D29B38E251BD10C0013D14C /* Sources */,
				7D29B38F251BD10C0013D14C /* Frameworks */,
				7D29B390251BD10C0013D14C /* Resources */,
			);
			buildRules = (
			);
			dependencies = (
			);
			name = HeartRevs;
			packageProductDependencies = (
				7D649318252AF8370011F814 /* CoreBluetoothMock */,
			);
			productName = HeartRevs;
			productReference = 7D29B392251BD10C0013D14C /* HeartRevs.app */;
			productType = "com.apple.product-type.application";
		};
/* End PBXNativeTarget section */

/* Begin PBXProject section */
		7D29B38A251BD10B0013D14C /* Project object */ = {
			isa = PBXProject;
			attributes = {
				LastSwiftUpdateCheck = 1160;
				LastUpgradeCheck = 1160;
				ORGANIZATIONNAME = "Andrew Ebling";
				TargetAttributes = {
					7D29B391251BD10C0013D14C = {
						CreatedOnToolsVersion = 11.6;
					};
				};
			};
			buildConfigurationList = 7D29B38D251BD10B0013D14C /* Build configuration list for PBXProject "HeartRevs" */;
			compatibilityVersion = "Xcode 9.3";
			developmentRegion = en;
			hasScannedForEncodings = 0;
			knownRegions = (
				en,
				Base,
			);
			mainGroup = 7D29B389251BD10B0013D14C;
			packageReferences = (
				7D649317252AF8370011F814 /* XCRemoteSwiftPackageReference "IOS-CoreBluetooth-Mock" */,
			);
			productRefGroup = 7D29B393251BD10C0013D14C /* Products */;
			projectDirPath = "";
			projectRoot = "";
			targets = (
				7D29B391251BD10C0013D14C /* HeartRevs */,
			);
		};
/* End PBXProject section */

/* Begin PBXResourcesBuildPhase section */
		7D29B390251BD10C0013D14C /* Resources */ = {
			isa = PBXResourcesBuildPhase;
			buildActionMask = 2147483647;
			files = (
				7D29B3A2251BD10E0013D14C /* LaunchScreen.storyboard in Resources */,
				7D29B39F251BD10E0013D14C /* Assets.xcassets in Resources */,
				7D29B39D251BD10C0013D14C /* Main.storyboard in Resources */,
			);
			runOnlyForDeploymentPostprocessing = 0;
		};
/* End PBXResourcesBuildPhase section */

/* Begin PBXSourcesBuildPhase section */
		7D29B38E251BD10C0013D14C /* Sources */ = {
			isa = PBXSourcesBuildPhase;
			buildActionMask = 2147483647;
			files = (
				7D6492EA251F95AE0011F814 /* HRMReader.swift in Sources */,
				7DBD8302253B636900248F4D /* AnimationCompletionObserverModifier.swift in Sources */,
				7DBD823E25397BED00248F4D /* SwiftUIHRMView.swift in Sources */,
				7D29B39A251BD10C0013D14C /* HeartRateMonitorViewController.swift in Sources */,
				7DBD828225397DDB00248F4D /* SettingsView.swift in Sources */,
				7D64931D252CFDC20011F814 /* MockBluetoothHRM.swift in Sources */,
				7D29B396251BD10C0013D14C /* AppDelegate.swift in Sources */,
				7DBD82FF253B62FE00248F4D /* RevCounter.swift in Sources */,
				7D64931B252AF95D0011F814 /* CoreBluetoothTypeAliases.swift in Sources */,
				7DBD82FC253B5EBE00248F4D /* HRMReaderReceiver.swift in Sources */,
				7D29B398251BD10C0013D14C /* SceneDelegate.swift in Sources */,
				7DBD828125397DDB00248F4D /* FlipView.swift in Sources */,
			);
			runOnlyForDeploymentPostprocessing = 0;
		};
/* End PBXSourcesBuildPhase section */

/* Begin PBXVariantGroup section */
		7D29B39B251BD10C0013D14C /* Main.storyboard */ = {
			isa = PBXVariantGroup;
			children = (
				7D29B39C251BD10C0013D14C /* Base */,
			);
			name = Main.storyboard;
			sourceTree = "<group>";
		};
		7D29B3A0251BD10E0013D14C /* LaunchScreen.storyboard */ = {
			isa = PBXVariantGroup;
			children = (
				7D29B3A1251BD10E0013D14C /* Base */,
			);
			name = LaunchScreen.storyboard;
			sourceTree = "<group>";
		};
/* End PBXVariantGroup section */

/* Begin XCBuildConfiguration section */
		7D29B3A4251BD10E0013D14C /* Debug */ = {
			isa = XCBuildConfiguration;
			buildSettings = {
				ALWAYS_SEARCH_USER_PATHS = NO;
				CLANG_ANALYZER_NONNULL = YES;
				CLANG_ANALYZER_NUMBER_OBJECT_CONVERSION = YES_AGGRESSIVE;
				CLANG_CXX_LANGUAGE_STANDARD = "gnu++14";
				CLANG_CXX_LIBRARY = "libc++";
				CLANG_ENABLE_MODULES = YES;
				CLANG_ENABLE_OBJC_ARC = YES;
				CLANG_ENABLE_OBJC_WEAK = YES;
				CLANG_WARN_BLOCK_CAPTURE_AUTORELEASING = YES;
				CLANG_WARN_BOOL_CONVERSION = YES;
				CLANG_WARN_COMMA = YES;
				CLANG_WARN_CONSTANT_CONVERSION = YES;
				CLANG_WARN_DEPRECATED_OBJC_IMPLEMENTATIONS = YES;
				CLANG_WARN_DIRECT_OBJC_ISA_USAGE = YES_ERROR;
				CLANG_WARN_DOCUMENTATION_COMMENTS = YES;
				CLANG_WARN_EMPTY_BODY = YES;
				CLANG_WARN_ENUM_CONVERSION = YES;
				CLANG_WARN_INFINITE_RECURSION = YES;
				CLANG_WARN_INT_CONVERSION = YES;
				CLANG_WARN_NON_LITERAL_NULL_CONVERSION = YES;
				CLANG_WARN_OBJC_IMPLICIT_RETAIN_SELF = YES;
				CLANG_WARN_OBJC_LITERAL_CONVERSION = YES;
				CLANG_WARN_OBJC_ROOT_CLASS = YES_ERROR;
				CLANG_WARN_RANGE_LOOP_ANALYSIS = YES;
				CLANG_WARN_STRICT_PROTOTYPES = YES;
				CLANG_WARN_SUSPICIOUS_MOVE = YES;
				CLANG_WARN_UNGUARDED_AVAILABILITY = YES_AGGRESSIVE;
				CLANG_WARN_UNREACHABLE_CODE = YES;
				CLANG_WARN__DUPLICATE_METHOD_MATCH = YES;
				COPY_PHASE_STRIP = NO;
				DEBUG_INFORMATION_FORMAT = dwarf;
				ENABLE_STRICT_OBJC_MSGSEND = YES;
				ENABLE_TESTABILITY = YES;
				GCC_C_LANGUAGE_STANDARD = gnu11;
				GCC_DYNAMIC_NO_PIC = NO;
				GCC_NO_COMMON_BLOCKS = YES;
				GCC_OPTIMIZATION_LEVEL = 0;
				GCC_PREPROCESSOR_DEFINITIONS = (
					"DEBUG=1",
					"$(inherited)",
				);
				GCC_WARN_64_TO_32_BIT_CONVERSION = YES;
				GCC_WARN_ABOUT_RETURN_TYPE = YES_ERROR;
				GCC_WARN_UNDECLARED_SELECTOR = YES;
				GCC_WARN_UNINITIALIZED_AUTOS = YES_AGGRESSIVE;
				GCC_WARN_UNUSED_FUNCTION = YES;
				GCC_WARN_UNUSED_VARIABLE = YES;
				IPHONEOS_DEPLOYMENT_TARGET = 14.0;
				MTL_ENABLE_DEBUG_INFO = INCLUDE_SOURCE;
				MTL_FAST_MATH = YES;
				ONLY_ACTIVE_ARCH = YES;
				SDKROOT = iphoneos;
				SWIFT_ACTIVE_COMPILATION_CONDITIONS = DEBUG;
				SWIFT_OPTIMIZATION_LEVEL = "-Onone";
			};
			name = Debug;
		};
		7D29B3A5251BD10E0013D14C /* Release */ = {
			isa = XCBuildConfiguration;
			buildSettings = {
				ALWAYS_SEARCH_USER_PATHS = NO;
				CLANG_ANALYZER_NONNULL = YES;
				CLANG_ANALYZER_NUMBER_OBJECT_CONVERSION = YES_AGGRESSIVE;
				CLANG_CXX_LANGUAGE_STANDARD = "gnu++14";
				CLANG_CXX_LIBRARY = "libc++";
				CLANG_ENABLE_MODULES = YES;
				CLANG_ENABLE_OBJC_ARC = YES;
				CLANG_ENABLE_OBJC_WEAK = YES;
				CLANG_WARN_BLOCK_CAPTURE_AUTORELEASING = YES;
				CLANG_WARN_BOOL_CONVERSION = YES;
				CLANG_WARN_COMMA = YES;
				CLANG_WARN_CONSTANT_CONVERSION = YES;
				CLANG_WARN_DEPRECATED_OBJC_IMPLEMENTATIONS = YES;
				CLANG_WARN_DIRECT_OBJC_ISA_USAGE = YES_ERROR;
				CLANG_WARN_DOCUMENTATION_COMMENTS = YES;
				CLANG_WARN_EMPTY_BODY = YES;
				CLANG_WARN_ENUM_CONVERSION = YES;
				CLANG_WARN_INFINITE_RECURSION = YES;
				CLANG_WARN_INT_CONVERSION = YES;
				CLANG_WARN_NON_LITERAL_NULL_CONVERSION = YES;
				CLANG_WARN_OBJC_IMPLICIT_RETAIN_SELF = YES;
				CLANG_WARN_OBJC_LITERAL_CONVERSION = YES;
				CLANG_WARN_OBJC_ROOT_CLASS = YES_ERROR;
				CLANG_WARN_RANGE_LOOP_ANALYSIS = YES;
				CLANG_WARN_STRICT_PROTOTYPES = YES;
				CLANG_WARN_SUSPICIOUS_MOVE = YES;
				CLANG_WARN_UNGUARDED_AVAILABILITY = YES_AGGRESSIVE;
				CLANG_WARN_UNREACHABLE_CODE = YES;
				CLANG_WARN__DUPLICATE_METHOD_MATCH = YES;
				COPY_PHASE_STRIP = NO;
				DEBUG_INFORMATION_FORMAT = "dwarf-with-dsym";
				ENABLE_NS_ASSERTIONS = NO;
				ENABLE_STRICT_OBJC_MSGSEND = YES;
				GCC_C_LANGUAGE_STANDARD = gnu11;
				GCC_NO_COMMON_BLOCKS = YES;
				GCC_WARN_64_TO_32_BIT_CONVERSION = YES;
				GCC_WARN_ABOUT_RETURN_TYPE = YES_ERROR;
				GCC_WARN_UNDECLARED_SELECTOR = YES;
				GCC_WARN_UNINITIALIZED_AUTOS = YES_AGGRESSIVE;
				GCC_WARN_UNUSED_FUNCTION = YES;
				GCC_WARN_UNUSED_VARIABLE = YES;
				IPHONEOS_DEPLOYMENT_TARGET = 14.0;
				MTL_ENABLE_DEBUG_INFO = NO;
				MTL_FAST_MATH = YES;
				SDKROOT = iphoneos;
				SWIFT_COMPILATION_MODE = wholemodule;
				SWIFT_OPTIMIZATION_LEVEL = "-O";
				VALIDATE_PRODUCT = YES;
			};
			name = Release;
		};
		7D29B3A7251BD10E0013D14C /* Debug */ = {
			isa = XCBuildConfiguration;
			buildSettings = {
				ASSETCATALOG_COMPILER_APPICON_NAME = AppIcon;
				CODE_SIGN_STYLE = Automatic;
				DEVELOPMENT_TEAM = UPZMD5QTEZ;
				INFOPLIST_FILE = HeartRevs/Info.plist;
				LD_RUNPATH_SEARCH_PATHS = (
					"$(inherited)",
					"@executable_path/Frameworks",
				);
				PRODUCT_BUNDLE_IDENTIFIER = uk.ebling.apps.HeartRevs;
				PRODUCT_NAME = "$(TARGET_NAME)";
				SWIFT_VERSION = 5.0;
				TARGETED_DEVICE_FAMILY = "1,2";
			};
			name = Debug;
		};
		7D29B3A8251BD10E0013D14C /* Release */ = {
			isa = XCBuildConfiguration;
			buildSettings = {
				ASSETCATALOG_COMPILER_APPICON_NAME = AppIcon;
				CODE_SIGN_STYLE = Automatic;
				DEVELOPMENT_TEAM = UPZMD5QTEZ;
				INFOPLIST_FILE = HeartRevs/Info.plist;
				LD_RUNPATH_SEARCH_PATHS = (
					"$(inherited)",
					"@executable_path/Frameworks",
				);
				PRODUCT_BUNDLE_IDENTIFIER = uk.ebling.apps.HeartRevs;
				PRODUCT_NAME = "$(TARGET_NAME)";
				SWIFT_VERSION = 5.0;
				TARGETED_DEVICE_FAMILY = "1,2";
			};
			name = Release;
		};
/* End XCBuildConfiguration section */

/* Begin XCConfigurationList section */
		7D29B38D251BD10B0013D14C /* Build configuration list for PBXProject "HeartRevs" */ = {
			isa = XCConfigurationList;
			buildConfigurations = (
				7D29B3A4251BD10E0013D14C /* Debug */,
				7D29B3A5251BD10E0013D14C /* Release */,
			);
			defaultConfigurationIsVisible = 0;
			defaultConfigurationName = Release;
		};
		7D29B3A6251BD10E0013D14C /* Build configuration list for PBXNativeTarget "HeartRevs" */ = {
			isa = XCConfigurationList;
			buildConfigurations = (
				7D29B3A7251BD10E0013D14C /* Debug */,
				7D29B3A8251BD10E0013D14C /* Release */,
			);
			defaultConfigurationIsVisible = 0;
			defaultConfigurationName = Release;
		};
/* End XCConfigurationList section */

/* Begin XCRemoteSwiftPackageReference section */
		7D649317252AF8370011F814 /* XCRemoteSwiftPackageReference "IOS-CoreBluetooth-Mock" */ = {
			isa = XCRemoteSwiftPackageReference;
			repositoryURL = "https://github.com/NordicSemiconductor/IOS-CoreBluetooth-Mock.git";
			requirement = {
				kind = upToNextMajorVersion;
				minimumVersion = 0.12.0;
			};
		};
/* End XCRemoteSwiftPackageReference section */

/* Begin XCSwiftPackageProductDependency section */
		7D649318252AF8370011F814 /* CoreBluetoothMock */ = {
			isa = XCSwiftPackageProductDependency;
			package = 7D649317252AF8370011F814 /* XCRemoteSwiftPackageReference "IOS-CoreBluetooth-Mock" */;
			productName = CoreBluetoothMock;
		};
/* End XCSwiftPackageProductDependency section */
	};
	rootObject = 7D29B38A251BD10B0013D14C /* Project object */;
}
